
Microsoft Visual Studio Solution File, Format Version 12.00
# Visual Studio Version 16
VisualStudioVersion = 16.0.30428.66
MinimumVisualStudioVersion = 10.0.40219.1
Project("{9A19103F-16F7-4668-BE54-9A1E7A4F7556}") = "WPFNet5", "WPFCore\WPFNet5.csproj", "{31E5C012-9FFC-4400-8C96-A6F365FB3890}"
EndProject
Project("{FAE04EC0-301F-11D3-BF4B-00C04F79EFBC}") = "WPFCore3", "WPFCore3\WPFCore3.csproj", "{3D683637-A6DB-418E-8AF9-E15E2B0235ED}"
EndProject
Global
	GlobalSection(SolutionConfigurationPlatforms) = preSolution
		Debug|Any CPU = Debug|Any CPU
		Release|Any CPU = Release|Any CPU
	EndGlobalSection
	GlobalSection(ProjectConfigurationPlatforms) = postSolution
		{31E5C012-9FFC-4400-8C96-A6F365FB3890}.Debug|Any CPU.ActiveCfg = Debug|Any CPU
		{31E5C012-9FFC-4400-8C96-A6F365FB3890}.Debug|Any CPU.Build.0 = Debug|Any CPU
		{31E5C012-9FFC-4400-8C96-A6F365FB3890}.Release|Any CPU.ActiveCfg = Release|Any CPU
		{31E5C012-9FFC-4400-8C96-A6F365FB3890}.Release|Any CPU.Build.0 = Release|Any CPU
		{3D683637-A6DB-418E-8AF9-E15E2B0235ED}.Debug|Any CPU.ActiveCfg = Debug|Any CPU
		{3D683637-A6DB-418E-8AF9-E15E2B0235ED}.Debug|Any CPU.Build.0 = Debug|Any CPU
		{3D683637-A6DB-418E-8AF9-E15E2B0235ED}.Release|Any CPU.ActiveCfg = Release|Any CPU
		{3D683637-A6DB-418E-8AF9-E15E2B0235ED}.Release|Any CPU.Build.0 = Release|Any CPU
	EndGlobalSection
	GlobalSection(SolutionProperties) = preSolution
		HideSolutionNode = FALSE
	EndGlobalSection
	GlobalSection(ExtensibilityGlobals) = postSolution
		SolutionGuid = {0EF12DEC-FB4C-474A-BEAC-683333F9F5D5}
	EndGlobalSection
EndGlobal
